// !$*UTF8*$!
{
	archiveVersion = 1;
	classes = {
	};
	objectVersion = 56;
	objects = {

/* Begin PBXBuildFile section */
		2CDB54C3FAA009628387EFAE /* Pods_toBTests.framework in Frameworks */ = {isa = PBXBuildFile; fileRef = 345EEAB738F57F91662B42C0 /* Pods_toBTests.framework */; };
		C7ABB951003600AA8F3AAC30 /* Pods_toB_toBUITests.framework in Frameworks */ = {isa = PBXBuildFile; fileRef = C62F5A08106390DFD70F58C5 /* Pods_toB_toBUITests.framework */; };
		D661F52ED0BDB1E0D96D6371 /* Pods_toB.framework in Frameworks */ = {isa = PBXBuildFile; fileRef = 6E8CB70E1699C4A87387F891 /* Pods_toB.framework */; };
		F972518B2A901B6900CA4D73 /* toBApp.swift in Sources */ = {isa = PBXBuildFile; fileRef = F972518A2A901B6900CA4D73 /* toBApp.swift */; };
		F972518D2A901B6900CA4D73 /* ContentView.swift in Sources */ = {isa = PBXBuildFile; fileRef = F972518C2A901B6900CA4D73 /* ContentView.swift */; };
		F972518F2A901B6B00CA4D73 /* Assets.xcassets in Resources */ = {isa = PBXBuildFile; fileRef = F972518E2A901B6B00CA4D73 /* Assets.xcassets */; };
		F97251922A901B6B00CA4D73 /* Preview Assets.xcassets in Resources */ = {isa = PBXBuildFile; fileRef = F97251912A901B6B00CA4D73 /* Preview Assets.xcassets */; };
		F972519C2A901B6B00CA4D73 /* toBTests.swift in Sources */ = {isa = PBXBuildFile; fileRef = F972519B2A901B6B00CA4D73 /* toBTests.swift */; };
		F97251A62A901B6C00CA4D73 /* toBUITests.swift in Sources */ = {isa = PBXBuildFile; fileRef = F97251A52A901B6C00CA4D73 /* toBUITests.swift */; };
		F97251A82A901B6C00CA4D73 /* toBUITestsLaunchTests.swift in Sources */ = {isa = PBXBuildFile; fileRef = F97251A72A901B6C00CA4D73 /* toBUITestsLaunchTests.swift */; };
		F97251B62A901EA200CA4D73 /* SnapKit in Frameworks */ = {isa = PBXBuildFile; productRef = F97251B52A901EA200CA4D73 /* SnapKit */; };
		F97251B92A901EBB00CA4D73 /* Then in Frameworks */ = {isa = PBXBuildFile; productRef = F97251B82A901EBB00CA4D73 /* Then */; };
		F97251BC2A901F6600CA4D73 /* Alamofire in Frameworks */ = {isa = PBXBuildFile; productRef = F97251BB2A901F6600CA4D73 /* Alamofire */; };
		F97251BE2A901FF800CA4D73 /* AppDelegate.swift in Sources */ = {isa = PBXBuildFile; fileRef = F97251BD2A901FF800CA4D73 /* AppDelegate.swift */; };
		F97251C22A90371F00CA4D73 /* PathSelectionBottomSheetView.swift in Sources */ = {isa = PBXBuildFile; fileRef = F97251C12A90371F00CA4D73 /* PathSelectionBottomSheetView.swift */; };
		F97251C52A90396600CA4D73 /* View+CornerRadius.swift in Sources */ = {isa = PBXBuildFile; fileRef = F97251C42A90396600CA4D73 /* View+CornerRadius.swift */; };
		F97251C72A903A9C00CA4D73 /* Colors.xcassets in Resources */ = {isa = PBXBuildFile; fileRef = F97251C62A903A9C00CA4D73 /* Colors.xcassets */; };
		F97251C92A903C0800CA4D73 /* Colors.swift in Sources */ = {isa = PBXBuildFile; fileRef = F97251C82A903C0800CA4D73 /* Colors.swift */; };
/* End PBXBuildFile section */

/* Begin PBXContainerItemProxy section */
		F97251982A901B6B00CA4D73 /* PBXContainerItemProxy */ = {
			isa = PBXContainerItemProxy;
			containerPortal = F972517F2A901B6900CA4D73 /* Project object */;
			proxyType = 1;
			remoteGlobalIDString = F97251862A901B6900CA4D73;
			remoteInfo = toB;
		};
		F97251A22A901B6C00CA4D73 /* PBXContainerItemProxy */ = {
			isa = PBXContainerItemProxy;
			containerPortal = F972517F2A901B6900CA4D73 /* Project object */;
			proxyType = 1;
			remoteGlobalIDString = F97251862A901B6900CA4D73;
			remoteInfo = toB;
		};
/* End PBXContainerItemProxy section */

/* Begin PBXFileReference section */
		1357C0DC2A902C4800D631A9 /* Info.plist */ = {isa = PBXFileReference; lastKnownFileType = text.plist; path = Info.plist; sourceTree = "<group>"; };
		345EEAB738F57F91662B42C0 /* Pods_toBTests.framework */ = {isa = PBXFileReference; explicitFileType = wrapper.framework; includeInIndex = 0; path = Pods_toBTests.framework; sourceTree = BUILT_PRODUCTS_DIR; };
		39583689A4254E724EE8C6BD /* Pods-toBTests.debug.xcconfig */ = {isa = PBXFileReference; includeInIndex = 1; lastKnownFileType = text.xcconfig; name = "Pods-toBTests.debug.xcconfig"; path = "Target Support Files/Pods-toBTests/Pods-toBTests.debug.xcconfig"; sourceTree = "<group>"; };
		4A755837A31E3C1FBE82D515 /* Pods-toB.debug.xcconfig */ = {isa = PBXFileReference; includeInIndex = 1; lastKnownFileType = text.xcconfig; name = "Pods-toB.debug.xcconfig"; path = "Target Support Files/Pods-toB/Pods-toB.debug.xcconfig"; sourceTree = "<group>"; };
		6E8CB70E1699C4A87387F891 /* Pods_toB.framework */ = {isa = PBXFileReference; explicitFileType = wrapper.framework; includeInIndex = 0; path = Pods_toB.framework; sourceTree = BUILT_PRODUCTS_DIR; };
		8321D3DDCC49FFBE56167515 /* Pods-toBTests.release.xcconfig */ = {isa = PBXFileReference; includeInIndex = 1; lastKnownFileType = text.xcconfig; name = "Pods-toBTests.release.xcconfig"; path = "Target Support Files/Pods-toBTests/Pods-toBTests.release.xcconfig"; sourceTree = "<group>"; };
		8C67DD858B278D859F66832B /* Pods-toB.release.xcconfig */ = {isa = PBXFileReference; includeInIndex = 1; lastKnownFileType = text.xcconfig; name = "Pods-toB.release.xcconfig"; path = "Target Support Files/Pods-toB/Pods-toB.release.xcconfig"; sourceTree = "<group>"; };
		C62F5A08106390DFD70F58C5 /* Pods_toB_toBUITests.framework */ = {isa = PBXFileReference; explicitFileType = wrapper.framework; includeInIndex = 0; path = Pods_toB_toBUITests.framework; sourceTree = BUILT_PRODUCTS_DIR; };
		C8B2FED810473D9F98DFC4AC /* Pods-toB-toBUITests.debug.xcconfig */ = {isa = PBXFileReference; includeInIndex = 1; lastKnownFileType = text.xcconfig; name = "Pods-toB-toBUITests.debug.xcconfig"; path = "Target Support Files/Pods-toB-toBUITests/Pods-toB-toBUITests.debug.xcconfig"; sourceTree = "<group>"; };
		E1294B90169CC15F0359EBD8 /* Pods-toB-toBUITests.release.xcconfig */ = {isa = PBXFileReference; includeInIndex = 1; lastKnownFileType = text.xcconfig; name = "Pods-toB-toBUITests.release.xcconfig"; path = "Target Support Files/Pods-toB-toBUITests/Pods-toB-toBUITests.release.xcconfig"; sourceTree = "<group>"; };
		F97251872A901B6900CA4D73 /* toB.app */ = {isa = PBXFileReference; explicitFileType = wrapper.application; includeInIndex = 0; path = toB.app; sourceTree = BUILT_PRODUCTS_DIR; };
		F972518A2A901B6900CA4D73 /* toBApp.swift */ = {isa = PBXFileReference; lastKnownFileType = sourcecode.swift; path = toBApp.swift; sourceTree = "<group>"; };
		F972518C2A901B6900CA4D73 /* ContentView.swift */ = {isa = PBXFileReference; lastKnownFileType = sourcecode.swift; path = ContentView.swift; sourceTree = "<group>"; };
		F972518E2A901B6B00CA4D73 /* Assets.xcassets */ = {isa = PBXFileReference; lastKnownFileType = folder.assetcatalog; path = Assets.xcassets; sourceTree = "<group>"; };
		F97251912A901B6B00CA4D73 /* Preview Assets.xcassets */ = {isa = PBXFileReference; lastKnownFileType = folder.assetcatalog; path = "Preview Assets.xcassets"; sourceTree = "<group>"; };
		F97251972A901B6B00CA4D73 /* toBTests.xctest */ = {isa = PBXFileReference; explicitFileType = wrapper.cfbundle; includeInIndex = 0; path = toBTests.xctest; sourceTree = BUILT_PRODUCTS_DIR; };
		F972519B2A901B6B00CA4D73 /* toBTests.swift */ = {isa = PBXFileReference; lastKnownFileType = sourcecode.swift; path = toBTests.swift; sourceTree = "<group>"; };
		F97251A12A901B6C00CA4D73 /* toBUITests.xctest */ = {isa = PBXFileReference; explicitFileType = wrapper.cfbundle; includeInIndex = 0; path = toBUITests.xctest; sourceTree = BUILT_PRODUCTS_DIR; };
		F97251A52A901B6C00CA4D73 /* toBUITests.swift */ = {isa = PBXFileReference; lastKnownFileType = sourcecode.swift; path = toBUITests.swift; sourceTree = "<group>"; };
		F97251A72A901B6C00CA4D73 /* toBUITestsLaunchTests.swift */ = {isa = PBXFileReference; lastKnownFileType = sourcecode.swift; path = toBUITestsLaunchTests.swift; sourceTree = "<group>"; };
		F97251BD2A901FF800CA4D73 /* AppDelegate.swift */ = {isa = PBXFileReference; lastKnownFileType = sourcecode.swift; path = AppDelegate.swift; sourceTree = "<group>"; };
		F97251C12A90371F00CA4D73 /* PathSelectionBottomSheetView.swift */ = {isa = PBXFileReference; lastKnownFileType = sourcecode.swift; path = PathSelectionBottomSheetView.swift; sourceTree = "<group>"; };
		F97251C42A90396600CA4D73 /* View+CornerRadius.swift */ = {isa = PBXFileReference; lastKnownFileType = sourcecode.swift; path = "View+CornerRadius.swift"; sourceTree = "<group>"; };
		F97251C62A903A9C00CA4D73 /* Colors.xcassets */ = {isa = PBXFileReference; lastKnownFileType = folder.assetcatalog; path = Colors.xcassets; sourceTree = "<group>"; };
		F97251C82A903C0800CA4D73 /* Colors.swift */ = {isa = PBXFileReference; lastKnownFileType = sourcecode.swift; path = Colors.swift; sourceTree = "<group>"; };
/* End PBXFileReference section */

/* Begin PBXFrameworksBuildPhase section */
		F97251842A901B6900CA4D73 /* Frameworks */ = {
			isa = PBXFrameworksBuildPhase;
			buildActionMask = 2147483647;
			files = (
				F97251BC2A901F6600CA4D73 /* Alamofire in Frameworks */,
				F97251B62A901EA200CA4D73 /* SnapKit in Frameworks */,
				F97251B92A901EBB00CA4D73 /* Then in Frameworks */,
				D661F52ED0BDB1E0D96D6371 /* Pods_toB.framework in Frameworks */,
			);
			runOnlyForDeploymentPostprocessing = 0;
		};
		F97251942A901B6B00CA4D73 /* Frameworks */ = {
			isa = PBXFrameworksBuildPhase;
			buildActionMask = 2147483647;
			files = (
				2CDB54C3FAA009628387EFAE /* Pods_toBTests.framework in Frameworks */,
			);
			runOnlyForDeploymentPostprocessing = 0;
		};
		F972519E2A901B6C00CA4D73 /* Frameworks */ = {
			isa = PBXFrameworksBuildPhase;
			buildActionMask = 2147483647;
			files = (
				C7ABB951003600AA8F3AAC30 /* Pods_toB_toBUITests.framework in Frameworks */,
			);
			runOnlyForDeploymentPostprocessing = 0;
		};
/* End PBXFrameworksBuildPhase section */

/* Begin PBXGroup section */
		A83D446F6F0B0B768D5BFD0E /* Frameworks */ = {
			isa = PBXGroup;
			children = (
				6E8CB70E1699C4A87387F891 /* Pods_toB.framework */,
				C62F5A08106390DFD70F58C5 /* Pods_toB_toBUITests.framework */,
				345EEAB738F57F91662B42C0 /* Pods_toBTests.framework */,
			);
			name = Frameworks;
			sourceTree = "<group>";
		};
		AC2B4A6CECB7B99807FF243B /* Pods */ = {
			isa = PBXGroup;
			children = (
				4A755837A31E3C1FBE82D515 /* Pods-toB.debug.xcconfig */,
				8C67DD858B278D859F66832B /* Pods-toB.release.xcconfig */,
				C8B2FED810473D9F98DFC4AC /* Pods-toB-toBUITests.debug.xcconfig */,
				E1294B90169CC15F0359EBD8 /* Pods-toB-toBUITests.release.xcconfig */,
				39583689A4254E724EE8C6BD /* Pods-toBTests.debug.xcconfig */,
				8321D3DDCC49FFBE56167515 /* Pods-toBTests.release.xcconfig */,
			);
			path = Pods;
			sourceTree = "<group>";
		};
		F972517E2A901B6900CA4D73 = {
			isa = PBXGroup;
			children = (
				F97251892A901B6900CA4D73 /* toB */,
				F972519A2A901B6B00CA4D73 /* toBTests */,
				F97251A42A901B6C00CA4D73 /* toBUITests */,
				F97251882A901B6900CA4D73 /* Products */,
				AC2B4A6CECB7B99807FF243B /* Pods */,
				A83D446F6F0B0B768D5BFD0E /* Frameworks */,
			);
			sourceTree = "<group>";
		};
		F97251882A901B6900CA4D73 /* Products */ = {
			isa = PBXGroup;
			children = (
				F97251872A901B6900CA4D73 /* toB.app */,
				F97251972A901B6B00CA4D73 /* toBTests.xctest */,
				F97251A12A901B6C00CA4D73 /* toBUITests.xctest */,
			);
			name = Products;
			sourceTree = "<group>";
		};
		F97251892A901B6900CA4D73 /* toB */ = {
			isa = PBXGroup;
			children = (
				F97251C32A90395800CA4D73 /* Extensions */,
				1357C0DC2A902C4800D631A9 /* Info.plist */,
				F972518A2A901B6900CA4D73 /* toBApp.swift */,
				F97251BD2A901FF800CA4D73 /* AppDelegate.swift */,
				F972518C2A901B6900CA4D73 /* ContentView.swift */,
				F97251C12A90371F00CA4D73 /* PathSelectionBottomSheetView.swift */,
				F972518E2A901B6B00CA4D73 /* Assets.xcassets */,
				F97251C62A903A9C00CA4D73 /* Colors.xcassets */,
				F97251902A901B6B00CA4D73 /* Preview Content */,
			);
			path = toB;
			sourceTree = "<group>";
		};
		F97251902A901B6B00CA4D73 /* Preview Content */ = {
			isa = PBXGroup;
			children = (
				F97251912A901B6B00CA4D73 /* Preview Assets.xcassets */,
			);
			path = "Preview Content";
			sourceTree = "<group>";
		};
		F972519A2A901B6B00CA4D73 /* toBTests */ = {
			isa = PBXGroup;
			children = (
				F972519B2A901B6B00CA4D73 /* toBTests.swift */,
			);
			path = toBTests;
			sourceTree = "<group>";
		};
		F97251A42A901B6C00CA4D73 /* toBUITests */ = {
			isa = PBXGroup;
			children = (
				F97251A52A901B6C00CA4D73 /* toBUITests.swift */,
				F97251A72A901B6C00CA4D73 /* toBUITestsLaunchTests.swift */,
			);
			path = toBUITests;
			sourceTree = "<group>";
		};
		F97251C32A90395800CA4D73 /* Extensions */ = {
			isa = PBXGroup;
			children = (
				F97251C42A90396600CA4D73 /* View+CornerRadius.swift */,
				F97251C82A903C0800CA4D73 /* Colors.swift */,
			);
			path = Extensions;
			sourceTree = "<group>";
		};
/* End PBXGroup section */

/* Begin PBXNativeTarget section */
		F97251862A901B6900CA4D73 /* toB */ = {
			isa = PBXNativeTarget;
			buildConfigurationList = F97251AB2A901B6C00CA4D73 /* Build configuration list for PBXNativeTarget "toB" */;
			buildPhases = (
				CB359D0CEEDA28D07C4E17E5 /* [CP] Check Pods Manifest.lock */,
				F97251832A901B6900CA4D73 /* Sources */,
				F97251842A901B6900CA4D73 /* Frameworks */,
				F97251852A901B6900CA4D73 /* Resources */,
				FB3B5B83465E216A3017D33B /* [CP] Embed Pods Frameworks */,
			);
			buildRules = (
			);
			dependencies = (
			);
			name = toB;
			packageProductDependencies = (
				F97251B52A901EA200CA4D73 /* SnapKit */,
				F97251B82A901EBB00CA4D73 /* Then */,
				F97251BB2A901F6600CA4D73 /* Alamofire */,
			);
			productName = toB;
			productReference = F97251872A901B6900CA4D73 /* toB.app */;
			productType = "com.apple.product-type.application";
		};
		F97251962A901B6B00CA4D73 /* toBTests */ = {
			isa = PBXNativeTarget;
			buildConfigurationList = F97251AE2A901B6C00CA4D73 /* Build configuration list for PBXNativeTarget "toBTests" */;
			buildPhases = (
				B4787852861425250E40D5C3 /* [CP] Check Pods Manifest.lock */,
				F97251932A901B6B00CA4D73 /* Sources */,
				F97251942A901B6B00CA4D73 /* Frameworks */,
				F97251952A901B6B00CA4D73 /* Resources */,
			);
			buildRules = (
			);
			dependencies = (
				F97251992A901B6B00CA4D73 /* PBXTargetDependency */,
			);
			name = toBTests;
			productName = toBTests;
			productReference = F97251972A901B6B00CA4D73 /* toBTests.xctest */;
			productType = "com.apple.product-type.bundle.unit-test";
		};
		F97251A02A901B6C00CA4D73 /* toBUITests */ = {
			isa = PBXNativeTarget;
			buildConfigurationList = F97251B12A901B6C00CA4D73 /* Build configuration list for PBXNativeTarget "toBUITests" */;
			buildPhases = (
				D1E0A3D1F7848F404BE8A914 /* [CP] Check Pods Manifest.lock */,
				F972519D2A901B6C00CA4D73 /* Sources */,
				F972519E2A901B6C00CA4D73 /* Frameworks */,
				F972519F2A901B6C00CA4D73 /* Resources */,
				AEBB5670C1785AFE7529E039 /* [CP] Embed Pods Frameworks */,
			);
			buildRules = (
			);
			dependencies = (
				F97251A32A901B6C00CA4D73 /* PBXTargetDependency */,
			);
			name = toBUITests;
			productName = toBUITests;
			productReference = F97251A12A901B6C00CA4D73 /* toBUITests.xctest */;
			productType = "com.apple.product-type.bundle.ui-testing";
		};
/* End PBXNativeTarget section */

/* Begin PBXProject section */
		F972517F2A901B6900CA4D73 /* Project object */ = {
			isa = PBXProject;
			attributes = {
				BuildIndependentTargetsInParallel = 1;
				LastSwiftUpdateCheck = 1430;
				LastUpgradeCheck = 1430;
				TargetAttributes = {
					F97251862A901B6900CA4D73 = {
						CreatedOnToolsVersion = 14.3.1;
					};
					F97251962A901B6B00CA4D73 = {
						CreatedOnToolsVersion = 14.3.1;
						TestTargetID = F97251862A901B6900CA4D73;
					};
					F97251A02A901B6C00CA4D73 = {
						CreatedOnToolsVersion = 14.3.1;
						TestTargetID = F97251862A901B6900CA4D73;
					};
				};
			};
			buildConfigurationList = F97251822A901B6900CA4D73 /* Build configuration list for PBXProject "toB" */;
			compatibilityVersion = "Xcode 14.0";
			developmentRegion = en;
			hasScannedForEncodings = 0;
			knownRegions = (
				en,
				Base,
			);
			mainGroup = F972517E2A901B6900CA4D73;
			packageReferences = (
				F97251B42A901EA200CA4D73 /* XCRemoteSwiftPackageReference "SnapKit" */,
				F97251B72A901EBB00CA4D73 /* XCRemoteSwiftPackageReference "Then" */,
				F97251BA2A901F6600CA4D73 /* XCRemoteSwiftPackageReference "Alamofire" */,
			);
			productRefGroup = F97251882A901B6900CA4D73 /* Products */;
			projectDirPath = "";
			projectRoot = "";
			targets = (
				F97251862A901B6900CA4D73 /* toB */,
				F97251962A901B6B00CA4D73 /* toBTests */,
				F97251A02A901B6C00CA4D73 /* toBUITests */,
			);
		};
/* End PBXProject section */

/* Begin PBXResourcesBuildPhase section */
		F97251852A901B6900CA4D73 /* Resources */ = {
			isa = PBXResourcesBuildPhase;
			buildActionMask = 2147483647;
			files = (
				F97251C72A903A9C00CA4D73 /* Colors.xcassets in Resources */,
				F97251922A901B6B00CA4D73 /* Preview Assets.xcassets in Resources */,
				F972518F2A901B6B00CA4D73 /* Assets.xcassets in Resources */,
			);
			runOnlyForDeploymentPostprocessing = 0;
		};
		F97251952A901B6B00CA4D73 /* Resources */ = {
			isa = PBXResourcesBuildPhase;
			buildActionMask = 2147483647;
			files = (
			);
			runOnlyForDeploymentPostprocessing = 0;
		};
		F972519F2A901B6C00CA4D73 /* Resources */ = {
			isa = PBXResourcesBuildPhase;
			buildActionMask = 2147483647;
			files = (
			);
			runOnlyForDeploymentPostprocessing = 0;
		};
/* End PBXResourcesBuildPhase section */

/* Begin PBXShellScriptBuildPhase section */
		AEBB5670C1785AFE7529E039 /* [CP] Embed Pods Frameworks */ = {
			isa = PBXShellScriptBuildPhase;
			buildActionMask = 2147483647;
			files = (
			);
			inputFileListPaths = (
				"${PODS_ROOT}/Target Support Files/Pods-toB-toBUITests/Pods-toB-toBUITests-frameworks-${CONFIGURATION}-input-files.xcfilelist",
			);
			name = "[CP] Embed Pods Frameworks";
			outputFileListPaths = (
				"${PODS_ROOT}/Target Support Files/Pods-toB-toBUITests/Pods-toB-toBUITests-frameworks-${CONFIGURATION}-output-files.xcfilelist",
			);
			runOnlyForDeploymentPostprocessing = 0;
			shellPath = /bin/sh;
			shellScript = "\"${PODS_ROOT}/Target Support Files/Pods-toB-toBUITests/Pods-toB-toBUITests-frameworks.sh\"\n";
			showEnvVarsInLog = 0;
		};
		B4787852861425250E40D5C3 /* [CP] Check Pods Manifest.lock */ = {
			isa = PBXShellScriptBuildPhase;
			buildActionMask = 2147483647;
			files = (
			);
			inputFileListPaths = (
			);
			inputPaths = (
				"${PODS_PODFILE_DIR_PATH}/Podfile.lock",
				"${PODS_ROOT}/Manifest.lock",
			);
			name = "[CP] Check Pods Manifest.lock";
			outputFileListPaths = (
			);
			outputPaths = (
				"$(DERIVED_FILE_DIR)/Pods-toBTests-checkManifestLockResult.txt",
			);
			runOnlyForDeploymentPostprocessing = 0;
			shellPath = /bin/sh;
			shellScript = "diff \"${PODS_PODFILE_DIR_PATH}/Podfile.lock\" \"${PODS_ROOT}/Manifest.lock\" > /dev/null\nif [ $? != 0 ] ; then\n    # print error to STDERR\n    echo \"error: The sandbox is not in sync with the Podfile.lock. Run 'pod install' or update your CocoaPods installation.\" >&2\n    exit 1\nfi\n# This output is used by Xcode 'outputs' to avoid re-running this script phase.\necho \"SUCCESS\" > \"${SCRIPT_OUTPUT_FILE_0}\"\n";
			showEnvVarsInLog = 0;
		};
		CB359D0CEEDA28D07C4E17E5 /* [CP] Check Pods Manifest.lock */ = {
			isa = PBXShellScriptBuildPhase;
			buildActionMask = 2147483647;
			files = (
			);
			inputFileListPaths = (
			);
			inputPaths = (
				"${PODS_PODFILE_DIR_PATH}/Podfile.lock",
				"${PODS_ROOT}/Manifest.lock",
			);
			name = "[CP] Check Pods Manifest.lock";
			outputFileListPaths = (
			);
			outputPaths = (
				"$(DERIVED_FILE_DIR)/Pods-toB-checkManifestLockResult.txt",
			);
			runOnlyForDeploymentPostprocessing = 0;
			shellPath = /bin/sh;
			shellScript = "diff \"${PODS_PODFILE_DIR_PATH}/Podfile.lock\" \"${PODS_ROOT}/Manifest.lock\" > /dev/null\nif [ $? != 0 ] ; then\n    # print error to STDERR\n    echo \"error: The sandbox is not in sync with the Podfile.lock. Run 'pod install' or update your CocoaPods installation.\" >&2\n    exit 1\nfi\n# This output is used by Xcode 'outputs' to avoid re-running this script phase.\necho \"SUCCESS\" > \"${SCRIPT_OUTPUT_FILE_0}\"\n";
			showEnvVarsInLog = 0;
		};
		D1E0A3D1F7848F404BE8A914 /* [CP] Check Pods Manifest.lock */ = {
			isa = PBXShellScriptBuildPhase;
			buildActionMask = 2147483647;
			files = (
			);
			inputFileListPaths = (
			);
			inputPaths = (
				"${PODS_PODFILE_DIR_PATH}/Podfile.lock",
				"${PODS_ROOT}/Manifest.lock",
			);
			name = "[CP] Check Pods Manifest.lock";
			outputFileListPaths = (
			);
			outputPaths = (
				"$(DERIVED_FILE_DIR)/Pods-toB-toBUITests-checkManifestLockResult.txt",
			);
			runOnlyForDeploymentPostprocessing = 0;
			shellPath = /bin/sh;
			shellScript = "diff \"${PODS_PODFILE_DIR_PATH}/Podfile.lock\" \"${PODS_ROOT}/Manifest.lock\" > /dev/null\nif [ $? != 0 ] ; then\n    # print error to STDERR\n    echo \"error: The sandbox is not in sync with the Podfile.lock. Run 'pod install' or update your CocoaPods installation.\" >&2\n    exit 1\nfi\n# This output is used by Xcode 'outputs' to avoid re-running this script phase.\necho \"SUCCESS\" > \"${SCRIPT_OUTPUT_FILE_0}\"\n";
			showEnvVarsInLog = 0;
		};
		FB3B5B83465E216A3017D33B /* [CP] Embed Pods Frameworks */ = {
			isa = PBXShellScriptBuildPhase;
			buildActionMask = 2147483647;
			files = (
			);
			inputFileListPaths = (
				"${PODS_ROOT}/Target Support Files/Pods-toB/Pods-toB-frameworks-${CONFIGURATION}-input-files.xcfilelist",
			);
			name = "[CP] Embed Pods Frameworks";
			outputFileListPaths = (
				"${PODS_ROOT}/Target Support Files/Pods-toB/Pods-toB-frameworks-${CONFIGURATION}-output-files.xcfilelist",
			);
			runOnlyForDeploymentPostprocessing = 0;
			shellPath = /bin/sh;
			shellScript = "\"${PODS_ROOT}/Target Support Files/Pods-toB/Pods-toB-frameworks.sh\"\n";
			showEnvVarsInLog = 0;
		};
/* End PBXShellScriptBuildPhase section */

/* Begin PBXSourcesBuildPhase section */
		F97251832A901B6900CA4D73 /* Sources */ = {
			isa = PBXSourcesBuildPhase;
			buildActionMask = 2147483647;
			files = (
				F97251C22A90371F00CA4D73 /* PathSelectionBottomSheetView.swift in Sources */,
				F97251C92A903C0800CA4D73 /* Colors.swift in Sources */,
				F97251BE2A901FF800CA4D73 /* AppDelegate.swift in Sources */,
				F972518D2A901B6900CA4D73 /* ContentView.swift in Sources */,
				F972518B2A901B6900CA4D73 /* toBApp.swift in Sources */,
				F97251C52A90396600CA4D73 /* View+CornerRadius.swift in Sources */,
			);
			runOnlyForDeploymentPostprocessing = 0;
		};
		F97251932A901B6B00CA4D73 /* Sources */ = {
			isa = PBXSourcesBuildPhase;
			buildActionMask = 2147483647;
			files = (
				F972519C2A901B6B00CA4D73 /* toBTests.swift in Sources */,
			);
			runOnlyForDeploymentPostprocessing = 0;
		};
		F972519D2A901B6C00CA4D73 /* Sources */ = {
			isa = PBXSourcesBuildPhase;
			buildActionMask = 2147483647;
			files = (
				F97251A82A901B6C00CA4D73 /* toBUITestsLaunchTests.swift in Sources */,
				F97251A62A901B6C00CA4D73 /* toBUITests.swift in Sources */,
			);
			runOnlyForDeploymentPostprocessing = 0;
		};
/* End PBXSourcesBuildPhase section */

/* Begin PBXTargetDependency section */
		F97251992A901B6B00CA4D73 /* PBXTargetDependency */ = {
			isa = PBXTargetDependency;
			target = F97251862A901B6900CA4D73 /* toB */;
			targetProxy = F97251982A901B6B00CA4D73 /* PBXContainerItemProxy */;
		};
		F97251A32A901B6C00CA4D73 /* PBXTargetDependency */ = {
			isa = PBXTargetDependency;
			target = F97251862A901B6900CA4D73 /* toB */;
			targetProxy = F97251A22A901B6C00CA4D73 /* PBXContainerItemProxy */;
		};
/* End PBXTargetDependency section */

/* Begin XCBuildConfiguration section */
		F97251A92A901B6C00CA4D73 /* Debug */ = {
			isa = XCBuildConfiguration;
			buildSettings = {
				ALWAYS_SEARCH_USER_PATHS = NO;
				CLANG_ANALYZER_NONNULL = YES;
				CLANG_ANALYZER_NUMBER_OBJECT_CONVERSION = YES_AGGRESSIVE;
				CLANG_CXX_LANGUAGE_STANDARD = "gnu++20";
				CLANG_ENABLE_MODULES = YES;
				CLANG_ENABLE_OBJC_ARC = YES;
				CLANG_ENABLE_OBJC_WEAK = YES;
				CLANG_WARN_BLOCK_CAPTURE_AUTORELEASING = YES;
				CLANG_WARN_BOOL_CONVERSION = YES;
				CLANG_WARN_COMMA = YES;
				CLANG_WARN_CONSTANT_CONVERSION = YES;
				CLANG_WARN_DEPRECATED_OBJC_IMPLEMENTATIONS = YES;
				CLANG_WARN_DIRECT_OBJC_ISA_USAGE = YES_ERROR;
				CLANG_WARN_DOCUMENTATION_COMMENTS = YES;
				CLANG_WARN_EMPTY_BODY = YES;
				CLANG_WARN_ENUM_CONVERSION = YES;
				CLANG_WARN_INFINITE_RECURSION = YES;
				CLANG_WARN_INT_CONVERSION = YES;
				CLANG_WARN_NON_LITERAL_NULL_CONVERSION = YES;
				CLANG_WARN_OBJC_IMPLICIT_RETAIN_SELF = YES;
				CLANG_WARN_OBJC_LITERAL_CONVERSION = YES;
				CLANG_WARN_OBJC_ROOT_CLASS = YES_ERROR;
				CLANG_WARN_QUOTED_INCLUDE_IN_FRAMEWORK_HEADER = YES;
				CLANG_WARN_RANGE_LOOP_ANALYSIS = YES;
				CLANG_WARN_STRICT_PROTOTYPES = YES;
				CLANG_WARN_SUSPICIOUS_MOVE = YES;
				CLANG_WARN_UNGUARDED_AVAILABILITY = YES_AGGRESSIVE;
				CLANG_WARN_UNREACHABLE_CODE = YES;
				CLANG_WARN__DUPLICATE_METHOD_MATCH = YES;
				COPY_PHASE_STRIP = NO;
				DEBUG_INFORMATION_FORMAT = dwarf;
				ENABLE_STRICT_OBJC_MSGSEND = YES;
				ENABLE_TESTABILITY = YES;
				GCC_C_LANGUAGE_STANDARD = gnu11;
				GCC_DYNAMIC_NO_PIC = NO;
				GCC_NO_COMMON_BLOCKS = YES;
				GCC_OPTIMIZATION_LEVEL = 0;
				GCC_PREPROCESSOR_DEFINITIONS = (
					"DEBUG=1",
					"$(inherited)",
				);
				GCC_WARN_64_TO_32_BIT_CONVERSION = YES;
				GCC_WARN_ABOUT_RETURN_TYPE = YES_ERROR;
				GCC_WARN_UNDECLARED_SELECTOR = YES;
				GCC_WARN_UNINITIALIZED_AUTOS = YES_AGGRESSIVE;
				GCC_WARN_UNUSED_FUNCTION = YES;
				GCC_WARN_UNUSED_VARIABLE = YES;
				IPHONEOS_DEPLOYMENT_TARGET = 16.4;
				MTL_ENABLE_DEBUG_INFO = INCLUDE_SOURCE;
				MTL_FAST_MATH = YES;
				ONLY_ACTIVE_ARCH = YES;
				SDKROOT = iphoneos;
				SWIFT_ACTIVE_COMPILATION_CONDITIONS = DEBUG;
				SWIFT_OPTIMIZATION_LEVEL = "-Onone";
			};
			name = Debug;
		};
		F97251AA2A901B6C00CA4D73 /* Release */ = {
			isa = XCBuildConfiguration;
			buildSettings = {
				ALWAYS_SEARCH_USER_PATHS = NO;
				CLANG_ANALYZER_NONNULL = YES;
				CLANG_ANALYZER_NUMBER_OBJECT_CONVERSION = YES_AGGRESSIVE;
				CLANG_CXX_LANGUAGE_STANDARD = "gnu++20";
				CLANG_ENABLE_MODULES = YES;
				CLANG_ENABLE_OBJC_ARC = YES;
				CLANG_ENABLE_OBJC_WEAK = YES;
				CLANG_WARN_BLOCK_CAPTURE_AUTORELEASING = YES;
				CLANG_WARN_BOOL_CONVERSION = YES;
				CLANG_WARN_COMMA = YES;
				CLANG_WARN_CONSTANT_CONVERSION = YES;
				CLANG_WARN_DEPRECATED_OBJC_IMPLEMENTATIONS = YES;
				CLANG_WARN_DIRECT_OBJC_ISA_USAGE = YES_ERROR;
				CLANG_WARN_DOCUMENTATION_COMMENTS = YES;
				CLANG_WARN_EMPTY_BODY = YES;
				CLANG_WARN_ENUM_CONVERSION = YES;
				CLANG_WARN_INFINITE_RECURSION = YES;
				CLANG_WARN_INT_CONVERSION = YES;
				CLANG_WARN_NON_LITERAL_NULL_CONVERSION = YES;
				CLANG_WARN_OBJC_IMPLICIT_RETAIN_SELF = YES;
				CLANG_WARN_OBJC_LITERAL_CONVERSION = YES;
				CLANG_WARN_OBJC_ROOT_CLASS = YES_ERROR;
				CLANG_WARN_QUOTED_INCLUDE_IN_FRAMEWORK_HEADER = YES;
				CLANG_WARN_RANGE_LOOP_ANALYSIS = YES;
				CLANG_WARN_STRICT_PROTOTYPES = YES;
				CLANG_WARN_SUSPICIOUS_MOVE = YES;
				CLANG_WARN_UNGUARDED_AVAILABILITY = YES_AGGRESSIVE;
				CLANG_WARN_UNREACHABLE_CODE = YES;
				CLANG_WARN__DUPLICATE_METHOD_MATCH = YES;
				COPY_PHASE_STRIP = NO;
				DEBUG_INFORMATION_FORMAT = "dwarf-with-dsym";
				ENABLE_NS_ASSERTIONS = NO;
				ENABLE_STRICT_OBJC_MSGSEND = YES;
				GCC_C_LANGUAGE_STANDARD = gnu11;
				GCC_NO_COMMON_BLOCKS = YES;
				GCC_WARN_64_TO_32_BIT_CONVERSION = YES;
				GCC_WARN_ABOUT_RETURN_TYPE = YES_ERROR;
				GCC_WARN_UNDECLARED_SELECTOR = YES;
				GCC_WARN_UNINITIALIZED_AUTOS = YES_AGGRESSIVE;
				GCC_WARN_UNUSED_FUNCTION = YES;
				GCC_WARN_UNUSED_VARIABLE = YES;
				IPHONEOS_DEPLOYMENT_TARGET = 16.4;
				MTL_ENABLE_DEBUG_INFO = NO;
				MTL_FAST_MATH = YES;
				SDKROOT = iphoneos;
				SWIFT_COMPILATION_MODE = wholemodule;
				SWIFT_OPTIMIZATION_LEVEL = "-O";
				VALIDATE_PRODUCT = YES;
			};
			name = Release;
		};
		F97251AC2A901B6C00CA4D73 /* Debug */ = {
			isa = XCBuildConfiguration;
			baseConfigurationReference = 4A755837A31E3C1FBE82D515 /* Pods-toB.debug.xcconfig */;
			buildSettings = {
				ASSETCATALOG_COMPILER_APPICON_NAME = AppIcon;
				ASSETCATALOG_COMPILER_GLOBAL_ACCENT_COLOR_NAME = AccentColor;
				CODE_SIGN_STYLE = Automatic;
				CURRENT_PROJECT_VERSION = 1;
				DEVELOPMENT_ASSET_PATHS = "\"toB/Preview Content\"";
				ENABLE_PREVIEWS = YES;
				GENERATE_INFOPLIST_FILE = YES;
				INFOPLIST_FILE = toB/Info.plist;
				INFOPLIST_KEY_NSLocationAlwaysAndWhenInUseUsageDescription = "";
				INFOPLIST_KEY_NSLocationWhenInUseUsageDescription = "";
				INFOPLIST_KEY_UIApplicationSceneManifest_Generation = YES;
				INFOPLIST_KEY_UIApplicationSupportsIndirectInputEvents = YES;
				INFOPLIST_KEY_UILaunchScreen_Generation = YES;
				INFOPLIST_KEY_UISupportedInterfaceOrientations_iPad = "UIInterfaceOrientationPortrait UIInterfaceOrientationPortraitUpsideDown UIInterfaceOrientationLandscapeLeft UIInterfaceOrientationLandscapeRight";
				INFOPLIST_KEY_UISupportedInterfaceOrientations_iPhone = "UIInterfaceOrientationPortrait UIInterfaceOrientationLandscapeLeft UIInterfaceOrientationLandscapeRight";
				LD_RUNPATH_SEARCH_PATHS = (
					"$(inherited)",
					"@executable_path/Frameworks",
				);
				MARKETING_VERSION = 1.0;
				PRODUCT_BUNDLE_IDENTIFIER = com.iNnovation.toB;
				PRODUCT_NAME = "$(TARGET_NAME)";
				SWIFT_EMIT_LOC_STRINGS = YES;
				SWIFT_VERSION = 5.0;
				TARGETED_DEVICE_FAMILY = "1,2";
			};
			name = Debug;
		};
		F97251AD2A901B6C00CA4D73 /* Release */ = {
			isa = XCBuildConfiguration;
			baseConfigurationReference = 8C67DD858B278D859F66832B /* Pods-toB.release.xcconfig */;
			buildSettings = {
				ASSETCATALOG_COMPILER_APPICON_NAME = AppIcon;
				ASSETCATALOG_COMPILER_GLOBAL_ACCENT_COLOR_NAME = AccentColor;
				CODE_SIGN_STYLE = Automatic;
				CURRENT_PROJECT_VERSION = 1;
				DEVELOPMENT_ASSET_PATHS = "\"toB/Preview Content\"";
				ENABLE_PREVIEWS = YES;
				GENERATE_INFOPLIST_FILE = YES;
				INFOPLIST_FILE = toB/Info.plist;
				INFOPLIST_KEY_NSLocationAlwaysAndWhenInUseUsageDescription = "";
				INFOPLIST_KEY_NSLocationWhenInUseUsageDescription = "";
				INFOPLIST_KEY_UIApplicationSceneManifest_Generation = YES;
				INFOPLIST_KEY_UIApplicationSupportsIndirectInputEvents = YES;
				INFOPLIST_KEY_UILaunchScreen_Generation = YES;
				INFOPLIST_KEY_UISupportedInterfaceOrientations_iPad = "UIInterfaceOrientationPortrait UIInterfaceOrientationPortraitUpsideDown UIInterfaceOrientationLandscapeLeft UIInterfaceOrientationLandscapeRight";
				INFOPLIST_KEY_UISupportedInterfaceOrientations_iPhone = "UIInterfaceOrientationPortrait UIInterfaceOrientationLandscapeLeft UIInterfaceOrientationLandscapeRight";
				LD_RUNPATH_SEARCH_PATHS = (
					"$(inherited)",
					"@executable_path/Frameworks",
				);
				MARKETING_VERSION = 1.0;
				PRODUCT_BUNDLE_IDENTIFIER = com.iNnovation.toB;
				PRODUCT_NAME = "$(TARGET_NAME)";
				SWIFT_EMIT_LOC_STRINGS = YES;
				SWIFT_VERSION = 5.0;
				TARGETED_DEVICE_FAMILY = "1,2";
			};
			name = Release;
		};
		F97251AF2A901B6C00CA4D73 /* Debug */ = {
			isa = XCBuildConfiguration;
			baseConfigurationReference = 39583689A4254E724EE8C6BD /* Pods-toBTests.debug.xcconfig */;
			buildSettings = {
				ALWAYS_EMBED_SWIFT_STANDARD_LIBRARIES = YES;
				BUNDLE_LOADER = "$(TEST_HOST)";
				CODE_SIGN_STYLE = Automatic;
				CURRENT_PROJECT_VERSION = 1;
				GENERATE_INFOPLIST_FILE = YES;
				IPHONEOS_DEPLOYMENT_TARGET = 16.4;
				MARKETING_VERSION = 1.0;
				PRODUCT_BUNDLE_IDENTIFIER = com.iNnovation.toBTests;
				PRODUCT_NAME = "$(TARGET_NAME)";
				SWIFT_EMIT_LOC_STRINGS = NO;
				SWIFT_VERSION = 5.0;
				TARGETED_DEVICE_FAMILY = "1,2";
				TEST_HOST = "$(BUILT_PRODUCTS_DIR)/toB.app/$(BUNDLE_EXECUTABLE_FOLDER_PATH)/toB";
			};
			name = Debug;
		};
		F97251B02A901B6C00CA4D73 /* Release */ = {
			isa = XCBuildConfiguration;
			baseConfigurationReference = 8321D3DDCC49FFBE56167515 /* Pods-toBTests.release.xcconfig */;
			buildSettings = {
				ALWAYS_EMBED_SWIFT_STANDARD_LIBRARIES = YES;
				BUNDLE_LOADER = "$(TEST_HOST)";
				CODE_SIGN_STYLE = Automatic;
				CURRENT_PROJECT_VERSION = 1;
				GENERATE_INFOPLIST_FILE = YES;
				IPHONEOS_DEPLOYMENT_TARGET = 16.4;
				MARKETING_VERSION = 1.0;
				PRODUCT_BUNDLE_IDENTIFIER = com.iNnovation.toBTests;
				PRODUCT_NAME = "$(TARGET_NAME)";
				SWIFT_EMIT_LOC_STRINGS = NO;
				SWIFT_VERSION = 5.0;
				TARGETED_DEVICE_FAMILY = "1,2";
				TEST_HOST = "$(BUILT_PRODUCTS_DIR)/toB.app/$(BUNDLE_EXECUTABLE_FOLDER_PATH)/toB";
			};
			name = Release;
		};
		F97251B22A901B6C00CA4D73 /* Debug */ = {
			isa = XCBuildConfiguration;
			baseConfigurationReference = C8B2FED810473D9F98DFC4AC /* Pods-toB-toBUITests.debug.xcconfig */;
			buildSettings = {
				ALWAYS_EMBED_SWIFT_STANDARD_LIBRARIES = YES;
				CODE_SIGN_STYLE = Automatic;
				CURRENT_PROJECT_VERSION = 1;
				GENERATE_INFOPLIST_FILE = YES;
				MARKETING_VERSION = 1.0;
				PRODUCT_BUNDLE_IDENTIFIER = com.iNnovation.toBUITests;
				PRODUCT_NAME = "$(TARGET_NAME)";
				SWIFT_EMIT_LOC_STRINGS = NO;
				SWIFT_VERSION = 5.0;
				TARGETED_DEVICE_FAMILY = "1,2";
				TEST_TARGET_NAME = toB;
			};
			name = Debug;
		};
		F97251B32A901B6C00CA4D73 /* Release */ = {
			isa = XCBuildConfiguration;
			baseConfigurationReference = E1294B90169CC15F0359EBD8 /* Pods-toB-toBUITests.release.xcconfig */;
			buildSettings = {
				ALWAYS_EMBED_SWIFT_STANDARD_LIBRARIES = YES;
				CODE_SIGN_STYLE = Automatic;
				CURRENT_PROJECT_VERSION = 1;
				GENERATE_INFOPLIST_FILE = YES;
				MARKETING_VERSION = 1.0;
				PRODUCT_BUNDLE_IDENTIFIER = com.iNnovation.toBUITests;
				PRODUCT_NAME = "$(TARGET_NAME)";
				SWIFT_EMIT_LOC_STRINGS = NO;
				SWIFT_VERSION = 5.0;
				TARGETED_DEVICE_FAMILY = "1,2";
				TEST_TARGET_NAME = toB;
			};
			name = Release;
		};
/* End XCBuildConfiguration section */

/* Begin XCConfigurationList section */
		F97251822A901B6900CA4D73 /* Build configuration list for PBXProject "toB" */ = {
			isa = XCConfigurationList;
			buildConfigurations = (
				F97251A92A901B6C00CA4D73 /* Debug */,
				F97251AA2A901B6C00CA4D73 /* Release */,
			);
			defaultConfigurationIsVisible = 0;
			defaultConfigurationName = Release;
		};
		F97251AB2A901B6C00CA4D73 /* Build configuration list for PBXNativeTarget "toB" */ = {
			isa = XCConfigurationList;
			buildConfigurations = (
				F97251AC2A901B6C00CA4D73 /* Debug */,
				F97251AD2A901B6C00CA4D73 /* Release */,
			);
			defaultConfigurationIsVisible = 0;
			defaultConfigurationName = Release;
		};
		F97251AE2A901B6C00CA4D73 /* Build configuration list for PBXNativeTarget "toBTests" */ = {
			isa = XCConfigurationList;
			buildConfigurations = (
				F97251AF2A901B6C00CA4D73 /* Debug */,
				F97251B02A901B6C00CA4D73 /* Release */,
			);
			defaultConfigurationIsVisible = 0;
			defaultConfigurationName = Release;
		};
		F97251B12A901B6C00CA4D73 /* Build configuration list for PBXNativeTarget "toBUITests" */ = {
			isa = XCConfigurationList;
			buildConfigurations = (
				F97251B22A901B6C00CA4D73 /* Debug */,
				F97251B32A901B6C00CA4D73 /* Release */,
			);
			defaultConfigurationIsVisible = 0;
			defaultConfigurationName = Release;
		};
/* End XCConfigurationList section */

/* Begin XCRemoteSwiftPackageReference section */
		F97251B42A901EA200CA4D73 /* XCRemoteSwiftPackageReference "SnapKit" */ = {
			isa = XCRemoteSwiftPackageReference;
			repositoryURL = "https://github.com/SnapKit/SnapKit";
			requirement = {
				kind = exactVersion;
				version = 5.6.0;
			};
		};
		F97251B72A901EBB00CA4D73 /* XCRemoteSwiftPackageReference "Then" */ = {
			isa = XCRemoteSwiftPackageReference;
			repositoryURL = "https://github.com/devxoul/Then";
			requirement = {
				kind = exactVersion;
				version = 3.0.0;
			};
		};
		F97251BA2A901F6600CA4D73 /* XCRemoteSwiftPackageReference "Alamofire" */ = {
			isa = XCRemoteSwiftPackageReference;
			repositoryURL = "https://github.com/Alamofire/Alamofire";
			requirement = {
				kind = exactVersion;
				version = 5.7.1;
			};
		};
/* End XCRemoteSwiftPackageReference section */

/* Begin XCSwiftPackageProductDependency section */
		F97251B52A901EA200CA4D73 /* SnapKit */ = {
			isa = XCSwiftPackageProductDependency;
			package = F97251B42A901EA200CA4D73 /* XCRemoteSwiftPackageReference "SnapKit" */;
			productName = SnapKit;
		};
		F97251B82A901EBB00CA4D73 /* Then */ = {
			isa = XCSwiftPackageProductDependency;
			package = F97251B72A901EBB00CA4D73 /* XCRemoteSwiftPackageReference "Then" */;
			productName = Then;
		};
		F97251BB2A901F6600CA4D73 /* Alamofire */ = {
			isa = XCSwiftPackageProductDependency;
			package = F97251BA2A901F6600CA4D73 /* XCRemoteSwiftPackageReference "Alamofire" */;
			productName = Alamofire;
		};
/* End XCSwiftPackageProductDependency section */
	};
	rootObject = F972517F2A901B6900CA4D73 /* Project object */;
}
